// !$*UTF8*$!
{
	archiveVersion = 1;
	classes = {
	};
	objectVersion = 50;
	objects = {

/* Begin PBXBuildFile section */
		A8208D95230ACE0D00BFFAE8 /* AppDelegate.swift in Sources */ = {isa = PBXBuildFile; fileRef = A8208D94230ACE0D00BFFAE8 /* AppDelegate.swift */; };
		A8208D9A230ACE0D00BFFAE8 /* Main.storyboard in Resources */ = {isa = PBXBuildFile; fileRef = A8208D98230ACE0D00BFFAE8 /* Main.storyboard */; };
		A8208D9C230ACE0D00BFFAE8 /* Assets.xcassets in Resources */ = {isa = PBXBuildFile; fileRef = A8208D9B230ACE0D00BFFAE8 /* Assets.xcassets */; };
		A8208D9F230ACE0D00BFFAE8 /* LaunchScreen.storyboard in Resources */ = {isa = PBXBuildFile; fileRef = A8208D9D230ACE0D00BFFAE8 /* LaunchScreen.storyboard */; };
		A8208DA7230ADE5600BFFAE8 /* ImageViewController.swift in Sources */ = {isa = PBXBuildFile; fileRef = A8208DA6230ADE5600BFFAE8 /* ImageViewController.swift */; };
		A8208DA9230AE7D300BFFAE8 /* PhotosViewController.swift in Sources */ = {isa = PBXBuildFile; fileRef = A8208DA8230AE7D300BFFAE8 /* PhotosViewController.swift */; };
		A8208DAB230AE7F700BFFAE8 /* TableViewCell.swift in Sources */ = {isa = PBXBuildFile; fileRef = A8208DAA230AE7F700BFFAE8 /* TableViewCell.swift */; };
		A8208DAF230AE94300BFFAE8 /* Photo.swift in Sources */ = {isa = PBXBuildFile; fileRef = A8208DAE230AE94300BFFAE8 /* Photo.swift */; };
		A8208DB1230B0D2D00BFFAE8 /* MainViewController.swift in Sources */ = {isa = PBXBuildFile; fileRef = A8208DB0230B0D2D00BFFAE8 /* MainViewController.swift */; };
		A8208DB3230B0D6F00BFFAE8 /* CollectionViewCell.swift in Sources */ = {isa = PBXBuildFile; fileRef = A8208DB2230B0D6F00BFFAE8 /* CollectionViewCell.swift */; };
		A8208DB5230B10C300BFFAE8 /* NetworkManager.swift in Sources */ = {isa = PBXBuildFile; fileRef = A8208DB4230B10C300BFFAE8 /* NetworkManager.swift */; };
/* End PBXBuildFile section */

/* Begin PBXFileReference section */
		A8208D91230ACE0D00BFFAE8 /* Networking.app */ = {isa = PBXFileReference; explicitFileType = wrapper.application; includeInIndex = 0; path = Networking.app; sourceTree = BUILT_PRODUCTS_DIR; };
		A8208D94230ACE0D00BFFAE8 /* AppDelegate.swift */ = {isa = PBXFileReference; lastKnownFileType = sourcecode.swift; path = AppDelegate.swift; sourceTree = "<group>"; };
		A8208D99230ACE0D00BFFAE8 /* Base */ = {isa = PBXFileReference; lastKnownFileType = file.storyboard; name = Base; path = Base.lproj/Main.storyboard; sourceTree = "<group>"; };
		A8208D9B230ACE0D00BFFAE8 /* Assets.xcassets */ = {isa = PBXFileReference; lastKnownFileType = folder.assetcatalog; path = Assets.xcassets; sourceTree = "<group>"; };
		A8208D9E230ACE0D00BFFAE8 /* Base */ = {isa = PBXFileReference; lastKnownFileType = file.storyboard; name = Base; path = Base.lproj/LaunchScreen.storyboard; sourceTree = "<group>"; };
		A8208DA0230ACE0D00BFFAE8 /* Info.plist */ = {isa = PBXFileReference; lastKnownFileType = text.plist.xml; path = Info.plist; sourceTree = "<group>"; };
		A8208DA6230ADE5600BFFAE8 /* ImageViewController.swift */ = {isa = PBXFileReference; lastKnownFileType = sourcecode.swift; path = ImageViewController.swift; sourceTree = "<group>"; };
		A8208DA8230AE7D300BFFAE8 /* PhotosViewController.swift */ = {isa = PBXFileReference; lastKnownFileType = sourcecode.swift; path = PhotosViewController.swift; sourceTree = "<group>"; };
		A8208DAA230AE7F700BFFAE8 /* TableViewCell.swift */ = {isa = PBXFileReference; lastKnownFileType = sourcecode.swift; path = TableViewCell.swift; sourceTree = "<group>"; };
		A8208DAE230AE94300BFFAE8 /* Photo.swift */ = {isa = PBXFileReference; lastKnownFileType = sourcecode.swift; path = Photo.swift; sourceTree = "<group>"; };
		A8208DB0230B0D2D00BFFAE8 /* MainViewController.swift */ = {isa = PBXFileReference; lastKnownFileType = sourcecode.swift; path = MainViewController.swift; sourceTree = "<group>"; };
		A8208DB2230B0D6F00BFFAE8 /* CollectionViewCell.swift */ = {isa = PBXFileReference; lastKnownFileType = sourcecode.swift; path = CollectionViewCell.swift; sourceTree = "<group>"; };
		A8208DB4230B10C300BFFAE8 /* NetworkManager.swift */ = {isa = PBXFileReference; lastKnownFileType = sourcecode.swift; path = NetworkManager.swift; sourceTree = "<group>"; };
/* End PBXFileReference section */

/* Begin PBXFrameworksBuildPhase section */
		A8208D8E230ACE0D00BFFAE8 /* Frameworks */ = {
			isa = PBXFrameworksBuildPhase;
			buildActionMask = 2147483647;
			files = (
			);
			runOnlyForDeploymentPostprocessing = 0;
		};
/* End PBXFrameworksBuildPhase section */

/* Begin PBXGroup section */
		A8208D88230ACE0D00BFFAE8 = {
			isa = PBXGroup;
			children = (
				A8208D93230ACE0D00BFFAE8 /* Networking */,
				A8208D92230ACE0D00BFFAE8 /* Products */,
			);
			sourceTree = "<group>";
		};
		A8208D92230ACE0D00BFFAE8 /* Products */ = {
			isa = PBXGroup;
			children = (
				A8208D91230ACE0D00BFFAE8 /* Networking.app */,
			);
			name = Products;
			sourceTree = "<group>";
		};
		A8208D93230ACE0D00BFFAE8 /* Networking */ = {
			isa = PBXGroup;
			children = (
				A8208DBA230B133100BFFAE8 /* Application */,
				A8208DBC230B13B900BFFAE8 /* Photos */,
				A8208DC0230B140F00BFFAE8 /* Image */,
				A8208DB6230B125F00BFFAE8 /* Supporting Files */,
			);
			path = Networking;
			sourceTree = "<group>";
		};
		A8208DB6230B125F00BFFAE8 /* Supporting Files */ = {
			isa = PBXGroup;
			children = (
				A8208D9B230ACE0D00BFFAE8 /* Assets.xcassets */,
				A8208DA0230ACE0D00BFFAE8 /* Info.plist */,
			);
			path = "Supporting Files";
			sourceTree = "<group>";
		};
		A8208DB7230B128300BFFAE8 /* Model */ = {
			isa = PBXGroup;
			children = (
			);
			path = Model;
			sourceTree = "<group>";
		};
		A8208DB8230B129000BFFAE8 /* View */ = {
			isa = PBXGroup;
			children = (
				A8208D98230ACE0D00BFFAE8 /* Main.storyboard */,
				A8208D9D230ACE0D00BFFAE8 /* LaunchScreen.storyboard */,
			);
			path = View;
			sourceTree = "<group>";
		};
		A8208DB9230B129400BFFAE8 /* Controller */ = {
			isa = PBXGroup;
			children = (
				A8208D94230ACE0D00BFFAE8 /* AppDelegate.swift */,
				A8208DB0230B0D2D00BFFAE8 /* MainViewController.swift */,
			);
			path = Controller;
			sourceTree = "<group>";
		};
		A8208DBA230B133100BFFAE8 /* Application */ = {
			isa = PBXGroup;
			children = (
				A8208DBB230B135200BFFAE8 /* NetworkService */,
				A8208DB7230B128300BFFAE8 /* Model */,
				A8208DB8230B129000BFFAE8 /* View */,
				A8208DB9230B129400BFFAE8 /* Controller */,
			);
			path = Application;
			sourceTree = "<group>";
		};
		A8208DBB230B135200BFFAE8 /* NetworkService */ = {
			isa = PBXGroup;
			children = (
				A8208DB4230B10C300BFFAE8 /* NetworkManager.swift */,
			);
			path = NetworkService;
			sourceTree = "<group>";
		};
		A8208DBC230B13B900BFFAE8 /* Photos */ = {
			isa = PBXGroup;
			children = (
				A8208DBF230B13D200BFFAE8 /* Model */,
				A8208DBE230B13CC00BFFAE8 /* View */,
				A8208DBD230B13C700BFFAE8 /* Controller */,
			);
			path = Photos;
			sourceTree = "<group>";
		};
		A8208DBD230B13C700BFFAE8 /* Controller */ = {
			isa = PBXGroup;
			children = (
				A8208DA8230AE7D300BFFAE8 /* PhotosViewController.swift */,
				A8208DC3230B143300BFFAE8 /* Cell */,
			);
			path = Controller;
			sourceTree = "<group>";
		};
		A8208DBE230B13CC00BFFAE8 /* View */ = {
			isa = PBXGroup;
			children = (
			);
			path = View;
			sourceTree = "<group>";
		};
		A8208DBF230B13D200BFFAE8 /* Model */ = {
			isa = PBXGroup;
			children = (
				A8208DAE230AE94300BFFAE8 /* Photo.swift */,
			);
			path = Model;
			sourceTree = "<group>";
		};
		A8208DC0230B140F00BFFAE8 /* Image */ = {
			isa = PBXGroup;
			children = (
				A8208DC1230B141900BFFAE8 /* Controller */,
			);
			path = Image;
			sourceTree = "<group>";
		};
		A8208DC1230B141900BFFAE8 /* Controller */ = {
			isa = PBXGroup;
			children = (
				A8208DA6230ADE5600BFFAE8 /* ImageViewController.swift */,
				A8208DC2230B142500BFFAE8 /* Cell */,
			);
			path = Controller;
			sourceTree = "<group>";
		};
		A8208DC2230B142500BFFAE8 /* Cell */ = {
			isa = PBXGroup;
			children = (
				A8208DAA230AE7F700BFFAE8 /* TableViewCell.swift */,
			);
			path = Cell;
			sourceTree = "<group>";
		};
		A8208DC3230B143300BFFAE8 /* Cell */ = {
			isa = PBXGroup;
			children = (
				A8208DB2230B0D6F00BFFAE8 /* CollectionViewCell.swift */,
			);
			path = Cell;
			sourceTree = "<group>";
		};
/* End PBXGroup section */

/* Begin PBXNativeTarget section */
		A8208D90230ACE0D00BFFAE8 /* Networking */ = {
			isa = PBXNativeTarget;
			buildConfigurationList = A8208DA3230ACE0D00BFFAE8 /* Build configuration list for PBXNativeTarget "Networking" */;
			buildPhases = (
				A8208D8D230ACE0D00BFFAE8 /* Sources */,
				A8208D8E230ACE0D00BFFAE8 /* Frameworks */,
				A8208D8F230ACE0D00BFFAE8 /* Resources */,
			);
			buildRules = (
			);
			dependencies = (
			);
			name = Networking;
			productName = Networking;
			productReference = A8208D91230ACE0D00BFFAE8 /* Networking.app */;
			productType = "com.apple.product-type.application";
		};
/* End PBXNativeTarget section */

/* Begin PBXProject section */
		A8208D89230ACE0D00BFFAE8 /* Project object */ = {
			isa = PBXProject;
			attributes = {
				LastSwiftUpdateCheck = 1030;
				LastUpgradeCheck = 1030;
				ORGANIZATIONNAME = "Nikita Kuprik";
				TargetAttributes = {
					A8208D90230ACE0D00BFFAE8 = {
						CreatedOnToolsVersion = 10.3;
					};
				};
			};
			buildConfigurationList = A8208D8C230ACE0D00BFFAE8 /* Build configuration list for PBXProject "Networking" */;
			compatibilityVersion = "Xcode 9.3";
			developmentRegion = en;
			hasScannedForEncodings = 0;
			knownRegions = (
				en,
				Base,
			);
			mainGroup = A8208D88230ACE0D00BFFAE8;
			productRefGroup = A8208D92230ACE0D00BFFAE8 /* Products */;
			projectDirPath = "";
			projectRoot = "";
			targets = (
				A8208D90230ACE0D00BFFAE8 /* Networking */,
			);
		};
/* End PBXProject section */

/* Begin PBXResourcesBuildPhase section */
		A8208D8F230ACE0D00BFFAE8 /* Resources */ = {
			isa = PBXResourcesBuildPhase;
			buildActionMask = 2147483647;
			files = (
				A8208D9F230ACE0D00BFFAE8 /* LaunchScreen.storyboard in Resources */,
				A8208D9C230ACE0D00BFFAE8 /* Assets.xcassets in Resources */,
				A8208D9A230ACE0D00BFFAE8 /* Main.storyboard in Resources */,
			);
			runOnlyForDeploymentPostprocessing = 0;
		};
/* End PBXResourcesBuildPhase section */

/* Begin PBXSourcesBuildPhase section */
		A8208D8D230ACE0D00BFFAE8 /* Sources */ = {
			isa = PBXSourcesBuildPhase;
			buildActionMask = 2147483647;
			files = (
				A8208DAB230AE7F700BFFAE8 /* TableViewCell.swift in Sources */,
				A8208DAF230AE94300BFFAE8 /* Photo.swift in Sources */,
				A8208DB5230B10C300BFFAE8 /* NetworkManager.swift in Sources */,
				A8208DB3230B0D6F00BFFAE8 /* CollectionViewCell.swift in Sources */,
				A8208DA9230AE7D300BFFAE8 /* PhotosViewController.swift in Sources */,
				A8208DA7230ADE5600BFFAE8 /* ImageViewController.swift in Sources */,
				A8208D95230ACE0D00BFFAE8 /* AppDelegate.swift in Sources */,
				A8208DB1230B0D2D00BFFAE8 /* MainViewController.swift in Sources */,
			);
			runOnlyForDeploymentPostprocessing = 0;
		};
/* End PBXSourcesBuildPhase section */

/* Begin PBXVariantGroup section */
		A8208D98230ACE0D00BFFAE8 /* Main.storyboard */ = {
			isa = PBXVariantGroup;
			children = (
				A8208D99230ACE0D00BFFAE8 /* Base */,
			);
			name = Main.storyboard;
			sourceTree = "<group>";
		};
		A8208D9D230ACE0D00BFFAE8 /* LaunchScreen.storyboard */ = {
			isa = PBXVariantGroup;
			children = (
				A8208D9E230ACE0D00BFFAE8 /* Base */,
			);
			name = LaunchScreen.storyboard;
			sourceTree = "<group>";
		};
/* End PBXVariantGroup section */

/* Begin XCBuildConfiguration section */
		A8208DA1230ACE0D00BFFAE8 /* Debug */ = {
			isa = XCBuildConfiguration;
			buildSettings = {
				ALWAYS_SEARCH_USER_PATHS = NO;
				CLANG_ANALYZER_NONNULL = YES;
				CLANG_ANALYZER_NUMBER_OBJECT_CONVERSION = YES_AGGRESSIVE;
				CLANG_CXX_LANGUAGE_STANDARD = "gnu++14";
				CLANG_CXX_LIBRARY = "libc++";
				CLANG_ENABLE_MODULES = YES;
				CLANG_ENABLE_OBJC_ARC = YES;
				CLANG_ENABLE_OBJC_WEAK = YES;
				CLANG_WARN_BLOCK_CAPTURE_AUTORELEASING = YES;
				CLANG_WARN_BOOL_CONVERSION = YES;
				CLANG_WARN_COMMA = YES;
				CLANG_WARN_CONSTANT_CONVERSION = YES;
				CLANG_WARN_DEPRECATED_OBJC_IMPLEMENTATIONS = YES;
				CLANG_WARN_DIRECT_OBJC_ISA_USAGE = YES_ERROR;
				CLANG_WARN_DOCUMENTATION_COMMENTS = YES;
				CLANG_WARN_EMPTY_BODY = YES;
				CLANG_WARN_ENUM_CONVERSION = YES;
				CLANG_WARN_INFINITE_RECURSION = YES;
				CLANG_WARN_INT_CONVERSION = YES;
				CLANG_WARN_NON_LITERAL_NULL_CONVERSION = YES;
				CLANG_WARN_OBJC_IMPLICIT_RETAIN_SELF = YES;
				CLANG_WARN_OBJC_LITERAL_CONVERSION = YES;
				CLANG_WARN_OBJC_ROOT_CLASS = YES_ERROR;
				CLANG_WARN_RANGE_LOOP_ANALYSIS = YES;
				CLANG_WARN_STRICT_PROTOTYPES = YES;
				CLANG_WARN_SUSPICIOUS_MOVE = YES;
				CLANG_WARN_UNGUARDED_AVAILABILITY = YES_AGGRESSIVE;
				CLANG_WARN_UNREACHABLE_CODE = YES;
				CLANG_WARN__DUPLICATE_METHOD_MATCH = YES;
				CODE_SIGN_IDENTITY = "iPhone Developer";
				COPY_PHASE_STRIP = NO;
				DEBUG_INFORMATION_FORMAT = dwarf;
				ENABLE_STRICT_OBJC_MSGSEND = YES;
				ENABLE_TESTABILITY = YES;
				GCC_C_LANGUAGE_STANDARD = gnu11;
				GCC_DYNAMIC_NO_PIC = NO;
				GCC_NO_COMMON_BLOCKS = YES;
				GCC_OPTIMIZATION_LEVEL = 0;
				GCC_PREPROCESSOR_DEFINITIONS = (
					"DEBUG=1",
					"$(inherited)",
				);
				GCC_WARN_64_TO_32_BIT_CONVERSION = YES;
				GCC_WARN_ABOUT_RETURN_TYPE = YES_ERROR;
				GCC_WARN_UNDECLARED_SELECTOR = YES;
				GCC_WARN_UNINITIALIZED_AUTOS = YES_AGGRESSIVE;
				GCC_WARN_UNUSED_FUNCTION = YES;
				GCC_WARN_UNUSED_VARIABLE = YES;
				IPHONEOS_DEPLOYMENT_TARGET = 12.4;
				MTL_ENABLE_DEBUG_INFO = INCLUDE_SOURCE;
				MTL_FAST_MATH = YES;
				ONLY_ACTIVE_ARCH = YES;
				SDKROOT = iphoneos;
				SWIFT_ACTIVE_COMPILATION_CONDITIONS = DEBUG;
				SWIFT_OPTIMIZATION_LEVEL = "-Onone";
			};
			name = Debug;
		};
		A8208DA2230ACE0D00BFFAE8 /* Release */ = {
			isa = XCBuildConfiguration;
			buildSettings = {
				ALWAYS_SEARCH_USER_PATHS = NO;
				CLANG_ANALYZER_NONNULL = YES;
				CLANG_ANALYZER_NUMBER_OBJECT_CONVERSION = YES_AGGRESSIVE;
				CLANG_CXX_LANGUAGE_STANDARD = "gnu++14";
				CLANG_CXX_LIBRARY = "libc++";
				CLANG_ENABLE_MODULES = YES;
				CLANG_ENABLE_OBJC_ARC = YES;
				CLANG_ENABLE_OBJC_WEAK = YES;
				CLANG_WARN_BLOCK_CAPTURE_AUTORELEASING = YES;
				CLANG_WARN_BOOL_CONVERSION = YES;
				CLANG_WARN_COMMA = YES;
				CLANG_WARN_CONSTANT_CONVERSION = YES;
				CLANG_WARN_DEPRECATED_OBJC_IMPLEMENTATIONS = YES;
				CLANG_WARN_DIRECT_OBJC_ISA_USAGE = YES_ERROR;
				CLANG_WARN_DOCUMENTATION_COMMENTS = YES;
				CLANG_WARN_EMPTY_BODY = YES;
				CLANG_WARN_ENUM_CONVERSION = YES;
				CLANG_WARN_INFINITE_RECURSION = YES;
				CLANG_WARN_INT_CONVERSION = YES;
				CLANG_WARN_NON_LITERAL_NULL_CONVERSION = YES;
				CLANG_WARN_OBJC_IMPLICIT_RETAIN_SELF = YES;
				CLANG_WARN_OBJC_LITERAL_CONVERSION = YES;
				CLANG_WARN_OBJC_ROOT_CLASS = YES_ERROR;
				CLANG_WARN_RANGE_LOOP_ANALYSIS = YES;
				CLANG_WARN_STRICT_PROTOTYPES = YES;
				CLANG_WARN_SUSPICIOUS_MOVE = YES;
				CLANG_WARN_UNGUARDED_AVAILABILITY = YES_AGGRESSIVE;
				CLANG_WARN_UNREACHABLE_CODE = YES;
				CLANG_WARN__DUPLICATE_METHOD_MATCH = YES;
				CODE_SIGN_IDENTITY = "iPhone Developer";
				COPY_PHASE_STRIP = NO;
				DEBUG_INFORMATION_FORMAT = "dwarf-with-dsym";
				ENABLE_NS_ASSERTIONS = NO;
				ENABLE_STRICT_OBJC_MSGSEND = YES;
				GCC_C_LANGUAGE_STANDARD = gnu11;
				GCC_NO_COMMON_BLOCKS = YES;
				GCC_WARN_64_TO_32_BIT_CONVERSION = YES;
				GCC_WARN_ABOUT_RETURN_TYPE = YES_ERROR;
				GCC_WARN_UNDECLARED_SELECTOR = YES;
				GCC_WARN_UNINITIALIZED_AUTOS = YES_AGGRESSIVE;
				GCC_WARN_UNUSED_FUNCTION = YES;
				GCC_WARN_UNUSED_VARIABLE = YES;
				IPHONEOS_DEPLOYMENT_TARGET = 12.4;
				MTL_ENABLE_DEBUG_INFO = NO;
				MTL_FAST_MATH = YES;
				SDKROOT = iphoneos;
				SWIFT_COMPILATION_MODE = wholemodule;
				SWIFT_OPTIMIZATION_LEVEL = "-O";
				VALIDATE_PRODUCT = YES;
			};
			name = Release;
		};
		A8208DA4230ACE0D00BFFAE8 /* Debug */ = {
			isa = XCBuildConfiguration;
			buildSettings = {
				ASSETCATALOG_COMPILER_APPICON_NAME = AppIcon;
				CODE_SIGN_STYLE = Automatic;
				DEVELOPMENT_TEAM = 28R57P8KTV;
				INFOPLIST_FILE = "$(SRCROOT)/Networking/Supporting Files/Info.plist";
				LD_RUNPATH_SEARCH_PATHS = (
					"$(inherited)",
					"@executable_path/Frameworks",
				);
				PRODUCT_BUNDLE_IDENTIFIER = by.kuprik.Networking;
				PRODUCT_NAME = "$(TARGET_NAME)";
				SWIFT_VERSION = 5.0;
				TARGETED_DEVICE_FAMILY = "1,2";
			};
			name = Debug;
		};
		A8208DA5230ACE0D00BFFAE8 /* Release */ = {
			isa = XCBuildConfiguration;
			buildSettings = {
				ASSETCATALOG_COMPILER_APPICON_NAME = AppIcon;
				CODE_SIGN_STYLE = Automatic;
				DEVELOPMENT_TEAM = 28R57P8KTV;
				INFOPLIST_FILE = "$(SRCROOT)/Networking/Supporting Files/Info.plist";
				LD_RUNPATH_SEARCH_PATHS = (
					"$(inherited)",
					"@executable_path/Frameworks",
				);
				PRODUCT_BUNDLE_IDENTIFIER = by.kuprik.Networking;
				PRODUCT_NAME = "$(TARGET_NAME)";
				SWIFT_VERSION = 5.0;
				TARGETED_DEVICE_FAMILY = "1,2";
			};
			name = Release;
		};
/* End XCBuildConfiguration section */

/* Begin XCConfigurationList section */
		A8208D8C230ACE0D00BFFAE8 /* Build configuration list for PBXProject "Networking" */ = {
			isa = XCConfigurationList;
			buildConfigurations = (
				A8208DA1230ACE0D00BFFAE8 /* Debug */,
				A8208DA2230ACE0D00BFFAE8 /* Release */,
			);
			defaultConfigurationIsVisible = 0;
			defaultConfigurationName = Release;
		};
		A8208DA3230ACE0D00BFFAE8 /* Build configuration list for PBXNativeTarget "Networking" */ = {
			isa = XCConfigurationList;
			buildConfigurations = (
				A8208DA4230ACE0D00BFFAE8 /* Debug */,
				A8208DA5230ACE0D00BFFAE8 /* Release */,
			);
			defaultConfigurationIsVisible = 0;
			defaultConfigurationName = Release;
		};
/* End XCConfigurationList section */
	};
	rootObject = A8208D89230ACE0D00BFFAE8 /* Project object */;
}
